// !$*UTF8*$!
{
	archiveVersion = 1;
	classes = {
	};
	objectVersion = 56;
	objects = {

/* Begin PBXBuildFile section */
		4105523E2B919C8C00A4F2EA /* FirstSwiftUIApp.swift in Sources */ = {isa = PBXBuildFile; fileRef = 4105523D2B919C8C00A4F2EA /* FirstSwiftUIApp.swift */; };
		410552402B919C8C00A4F2EA /* ContentView.swift in Sources */ = {isa = PBXBuildFile; fileRef = 4105523F2B919C8C00A4F2EA /* ContentView.swift */; };
		410552422B919C8D00A4F2EA /* Assets.xcassets in Resources */ = {isa = PBXBuildFile; fileRef = 410552412B919C8D00A4F2EA /* Assets.xcassets */; };
		410552462B919C8D00A4F2EA /* Preview Assets.xcassets in Resources */ = {isa = PBXBuildFile; fileRef = 410552452B919C8D00A4F2EA /* Preview Assets.xcassets */; };
		410D7E5B2BB5294F00F052FB /* MuFramesView.swift in Sources */ = {isa = PBXBuildFile; fileRef = 410D7E5A2BB5294F00F052FB /* MuFramesView.swift */; };
		4127630B2BB122B0001E1034 /* MySFIconsView.swift in Sources */ = {isa = PBXBuildFile; fileRef = 4127630A2BB122B0001E1034 /* MySFIconsView.swift */; };
		4127630D2BB23682001E1034 /* MyImageView.swift in Sources */ = {isa = PBXBuildFile; fileRef = 4127630C2BB23682001E1034 /* MyImageView.swift */; };
		412C1D582BAD2C5C007B61CC /* MyGradientColorView.swift in Sources */ = {isa = PBXBuildFile; fileRef = 412C1D572BAD2C5C007B61CC /* MyGradientColorView.swift */; };
		413F0A712B92681D0026AFB1 /* TextLabel.swift in Sources */ = {isa = PBXBuildFile; fileRef = 413F0A702B92681D0026AFB1 /* TextLabel.swift */; };
		4177463C2BD59F6500ABD83D /* MyBackgroundAndOverlay.swift in Sources */ = {isa = PBXBuildFile; fileRef = 4177463B2BD59F6500ABD83D /* MyBackgroundAndOverlay.swift */; };
		4177463E2BD6E66500ABD83D /* MyStackViews.swift in Sources */ = {isa = PBXBuildFile; fileRef = 4177463D2BD6E66500ABD83D /* MyStackViews.swift */; };
		417746402BD75DCB00ABD83D /* MyPadding.swift in Sources */ = {isa = PBXBuildFile; fileRef = 4177463F2BD75DCB00ABD83D /* MyPadding.swift */; };
		417746422BD7646900ABD83D /* MySpacer.swift in Sources */ = {isa = PBXBuildFile; fileRef = 417746412BD7646900ABD83D /* MySpacer.swift */; };
		417746442BD859D400ABD83D /* MyInitializers.swift in Sources */ = {isa = PBXBuildFile; fileRef = 417746432BD859D400ABD83D /* MyInitializers.swift */; };
		417746462BD996DD00ABD83D /* myForeach.swift in Sources */ = {isa = PBXBuildFile; fileRef = 417746452BD996DD00ABD83D /* myForeach.swift */; };
		417746482BDB0E2100ABD83D /* MyLazyStackAndScrollView.swift in Sources */ = {isa = PBXBuildFile; fileRef = 417746472BDB0E2100ABD83D /* MyLazyStackAndScrollView.swift */; };
		4177464A2BDCAB8100ABD83D /* MyGridView.swift in Sources */ = {isa = PBXBuildFile; fileRef = 417746492BDCAB8100ABD83D /* MyGridView.swift */; };
		4177464C2BDD3C0700ABD83D /* MySafeArea.swift in Sources */ = {isa = PBXBuildFile; fileRef = 4177464B2BDD3C0700ABD83D /* MySafeArea.swift */; };
		4177464E2BDDCE6A00ABD83D /* MyButton.swift in Sources */ = {isa = PBXBuildFile; fileRef = 4177464D2BDDCE6A00ABD83D /* MyButton.swift */; };
		41C7879E2BA94241001992F7 /* MyColors.swift in Sources */ = {isa = PBXBuildFile; fileRef = 41C7879D2BA94241001992F7 /* MyColors.swift */; };
		41C978A32B9529CD00D3AE07 /* MyShapes.swift in Sources */ = {isa = PBXBuildFile; fileRef = 41C978A22B9529CC00D3AE07 /* MyShapes.swift */; };
/* End PBXBuildFile section */

/* Begin PBXFileReference section */
		4105523A2B919C8C00A4F2EA /* FirstSwiftUI.app */ = {isa = PBXFileReference; explicitFileType = wrapper.application; includeInIndex = 0; path = FirstSwiftUI.app; sourceTree = BUILT_PRODUCTS_DIR; };
		4105523D2B919C8C00A4F2EA /* FirstSwiftUIApp.swift */ = {isa = PBXFileReference; lastKnownFileType = sourcecode.swift; path = FirstSwiftUIApp.swift; sourceTree = "<group>"; };
		4105523F2B919C8C00A4F2EA /* ContentView.swift */ = {isa = PBXFileReference; lastKnownFileType = sourcecode.swift; path = ContentView.swift; sourceTree = "<group>"; };
		410552412B919C8D00A4F2EA /* Assets.xcassets */ = {isa = PBXFileReference; lastKnownFileType = folder.assetcatalog; path = Assets.xcassets; sourceTree = "<group>"; };
		410552432B919C8D00A4F2EA /* FirstSwiftUI.entitlements */ = {isa = PBXFileReference; lastKnownFileType = text.plist.entitlements; path = FirstSwiftUI.entitlements; sourceTree = "<group>"; };
		410552452B919C8D00A4F2EA /* Preview Assets.xcassets */ = {isa = PBXFileReference; lastKnownFileType = folder.assetcatalog; path = "Preview Assets.xcassets"; sourceTree = "<group>"; };
		410D7E5A2BB5294F00F052FB /* MuFramesView.swift */ = {isa = PBXFileReference; lastKnownFileType = sourcecode.swift; path = MuFramesView.swift; sourceTree = "<group>"; };
		4127630A2BB122B0001E1034 /* MySFIconsView.swift */ = {isa = PBXFileReference; lastKnownFileType = sourcecode.swift; path = MySFIconsView.swift; sourceTree = "<group>"; };
		4127630C2BB23682001E1034 /* MyImageView.swift */ = {isa = PBXFileReference; lastKnownFileType = sourcecode.swift; path = MyImageView.swift; sourceTree = "<group>"; };
		412C1D572BAD2C5C007B61CC /* MyGradientColorView.swift */ = {isa = PBXFileReference; lastKnownFileType = sourcecode.swift; path = MyGradientColorView.swift; sourceTree = "<group>"; };
		413F0A702B92681D0026AFB1 /* TextLabel.swift */ = {isa = PBXFileReference; lastKnownFileType = sourcecode.swift; path = TextLabel.swift; sourceTree = "<group>"; };
		4177463B2BD59F6500ABD83D /* MyBackgroundAndOverlay.swift */ = {isa = PBXFileReference; lastKnownFileType = sourcecode.swift; path = MyBackgroundAndOverlay.swift; sourceTree = "<group>"; };
		4177463D2BD6E66500ABD83D /* MyStackViews.swift */ = {isa = PBXFileReference; lastKnownFileType = sourcecode.swift; path = MyStackViews.swift; sourceTree = "<group>"; };
		4177463F2BD75DCB00ABD83D /* MyPadding.swift */ = {isa = PBXFileReference; lastKnownFileType = sourcecode.swift; path = MyPadding.swift; sourceTree = "<group>"; };
		417746412BD7646900ABD83D /* MySpacer.swift */ = {isa = PBXFileReference; lastKnownFileType = sourcecode.swift; path = MySpacer.swift; sourceTree = "<group>"; };
		417746432BD859D400ABD83D /* MyInitializers.swift */ = {isa = PBXFileReference; lastKnownFileType = sourcecode.swift; path = MyInitializers.swift; sourceTree = "<group>"; };
		417746452BD996DD00ABD83D /* myForeach.swift */ = {isa = PBXFileReference; lastKnownFileType = sourcecode.swift; path = myForeach.swift; sourceTree = "<group>"; };
		417746472BDB0E2100ABD83D /* MyLazyStackAndScrollView.swift */ = {isa = PBXFileReference; lastKnownFileType = sourcecode.swift; path = MyLazyStackAndScrollView.swift; sourceTree = "<group>"; };
		417746492BDCAB8100ABD83D /* MyGridView.swift */ = {isa = PBXFileReference; lastKnownFileType = sourcecode.swift; path = MyGridView.swift; sourceTree = "<group>"; };
		4177464B2BDD3C0700ABD83D /* MySafeArea.swift */ = {isa = PBXFileReference; lastKnownFileType = sourcecode.swift; path = MySafeArea.swift; sourceTree = "<group>"; };
		4177464D2BDDCE6A00ABD83D /* MyButton.swift */ = {isa = PBXFileReference; lastKnownFileType = sourcecode.swift; path = MyButton.swift; sourceTree = "<group>"; };
		41C7879D2BA94241001992F7 /* MyColors.swift */ = {isa = PBXFileReference; lastKnownFileType = sourcecode.swift; path = MyColors.swift; sourceTree = "<group>"; };
		41C978A22B9529CC00D3AE07 /* MyShapes.swift */ = {isa = PBXFileReference; lastKnownFileType = sourcecode.swift; path = MyShapes.swift; sourceTree = "<group>"; };
/* End PBXFileReference section */

/* Begin PBXFrameworksBuildPhase section */
		410552372B919C8C00A4F2EA /* Frameworks */ = {
			isa = PBXFrameworksBuildPhase;
			buildActionMask = 2147483647;
			files = (
			);
			runOnlyForDeploymentPostprocessing = 0;
		};
/* End PBXFrameworksBuildPhase section */

/* Begin PBXGroup section */
		410552312B919C8C00A4F2EA = {
			isa = PBXGroup;
			children = (
				4105523C2B919C8C00A4F2EA /* FirstSwiftUI */,
				4105523B2B919C8C00A4F2EA /* Products */,
			);
			sourceTree = "<group>";
		};
		4105523B2B919C8C00A4F2EA /* Products */ = {
			isa = PBXGroup;
			children = (
				4105523A2B919C8C00A4F2EA /* FirstSwiftUI.app */,
			);
			name = Products;
			sourceTree = "<group>";
		};
		4105523C2B919C8C00A4F2EA /* FirstSwiftUI */ = {
			isa = PBXGroup;
			children = (
				4105523D2B919C8C00A4F2EA /* FirstSwiftUIApp.swift */,
				4105523F2B919C8C00A4F2EA /* ContentView.swift */,
				413F0A702B92681D0026AFB1 /* TextLabel.swift */,
				41C978A22B9529CC00D3AE07 /* MyShapes.swift */,
				41C7879D2BA94241001992F7 /* MyColors.swift */,
				412C1D572BAD2C5C007B61CC /* MyGradientColorView.swift */,
				4127630A2BB122B0001E1034 /* MySFIconsView.swift */,
				4127630C2BB23682001E1034 /* MyImageView.swift */,
				410D7E5A2BB5294F00F052FB /* MuFramesView.swift */,
				4177463B2BD59F6500ABD83D /* MyBackgroundAndOverlay.swift */,
				4177463D2BD6E66500ABD83D /* MyStackViews.swift */,
				4177463F2BD75DCB00ABD83D /* MyPadding.swift */,
				417746412BD7646900ABD83D /* MySpacer.swift */,
				417746432BD859D400ABD83D /* MyInitializers.swift */,
				417746452BD996DD00ABD83D /* myForeach.swift */,
				417746472BDB0E2100ABD83D /* MyLazyStackAndScrollView.swift */,
				417746492BDCAB8100ABD83D /* MyGridView.swift */,
				4177464B2BDD3C0700ABD83D /* MySafeArea.swift */,
				4177464D2BDDCE6A00ABD83D /* MyButton.swift */,
				410552412B919C8D00A4F2EA /* Assets.xcassets */,
				410552432B919C8D00A4F2EA /* FirstSwiftUI.entitlements */,
				410552442B919C8D00A4F2EA /* Preview Content */,
			);
			path = FirstSwiftUI;
			sourceTree = "<group>";
		};
		410552442B919C8D00A4F2EA /* Preview Content */ = {
			isa = PBXGroup;
			children = (
				410552452B919C8D00A4F2EA /* Preview Assets.xcassets */,
			);
			path = "Preview Content";
			sourceTree = "<group>";
		};
/* End PBXGroup section */

/* Begin PBXNativeTarget section */
		410552392B919C8C00A4F2EA /* FirstSwiftUI */ = {
			isa = PBXNativeTarget;
			buildConfigurationList = 410552492B919C8D00A4F2EA /* Build configuration list for PBXNativeTarget "FirstSwiftUI" */;
			buildPhases = (
				410552362B919C8C00A4F2EA /* Sources */,
				410552372B919C8C00A4F2EA /* Frameworks */,
				410552382B919C8C00A4F2EA /* Resources */,
			);
			buildRules = (
			);
			dependencies = (
			);
			name = FirstSwiftUI;
			productName = FirstSwiftUI;
			productReference = 4105523A2B919C8C00A4F2EA /* FirstSwiftUI.app */;
			productType = "com.apple.product-type.application";
		};
/* End PBXNativeTarget section */

/* Begin PBXProject section */
		410552322B919C8C00A4F2EA /* Project object */ = {
			isa = PBXProject;
			attributes = {
				BuildIndependentTargetsInParallel = 1;
				LastSwiftUpdateCheck = 1520;
				LastUpgradeCheck = 1520;
				TargetAttributes = {
					410552392B919C8C00A4F2EA = {
						CreatedOnToolsVersion = 15.2;
					};
				};
			};
			buildConfigurationList = 410552352B919C8C00A4F2EA /* Build configuration list for PBXProject "FirstSwiftUI" */;
			compatibilityVersion = "Xcode 14.0";
			developmentRegion = en;
			hasScannedForEncodings = 0;
			knownRegions = (
				en,
				Base,
			);
			mainGroup = 410552312B919C8C00A4F2EA;
			productRefGroup = 4105523B2B919C8C00A4F2EA /* Products */;
			projectDirPath = "";
			projectRoot = "";
			targets = (
				410552392B919C8C00A4F2EA /* FirstSwiftUI */,
			);
		};
/* End PBXProject section */

/* Begin PBXResourcesBuildPhase section */
		410552382B919C8C00A4F2EA /* Resources */ = {
			isa = PBXResourcesBuildPhase;
			buildActionMask = 2147483647;
			files = (
				410552462B919C8D00A4F2EA /* Preview Assets.xcassets in Resources */,
				410552422B919C8D00A4F2EA /* Assets.xcassets in Resources */,
			);
			runOnlyForDeploymentPostprocessing = 0;
		};
/* End PBXResourcesBuildPhase section */

/* Begin PBXSourcesBuildPhase section */
		410552362B919C8C00A4F2EA /* Sources */ = {
			isa = PBXSourcesBuildPhase;
			buildActionMask = 2147483647;
			files = (
				4127630D2BB23682001E1034 /* MyImageView.swift in Sources */,
				417746422BD7646900ABD83D /* MySpacer.swift in Sources */,
				417746482BDB0E2100ABD83D /* MyLazyStackAndScrollView.swift in Sources */,
				4177463E2BD6E66500ABD83D /* MyStackViews.swift in Sources */,
				412C1D582BAD2C5C007B61CC /* MyGradientColorView.swift in Sources */,
				417746462BD996DD00ABD83D /* myForeach.swift in Sources */,
				4177464A2BDCAB8100ABD83D /* MyGridView.swift in Sources */,
				4127630B2BB122B0001E1034 /* MySFIconsView.swift in Sources */,
				41C7879E2BA94241001992F7 /* MyColors.swift in Sources */,
				4177463C2BD59F6500ABD83D /* MyBackgroundAndOverlay.swift in Sources */,
				410D7E5B2BB5294F00F052FB /* MuFramesView.swift in Sources */,
				417746442BD859D400ABD83D /* MyInitializers.swift in Sources */,
				410552402B919C8C00A4F2EA /* ContentView.swift in Sources */,
				4177464C2BDD3C0700ABD83D /* MySafeArea.swift in Sources */,
				413F0A712B92681D0026AFB1 /* TextLabel.swift in Sources */,
				4105523E2B919C8C00A4F2EA /* FirstSwiftUIApp.swift in Sources */,
				4177464E2BDDCE6A00ABD83D /* MyButton.swift in Sources */,
				41C978A32B9529CD00D3AE07 /* MyShapes.swift in Sources */,
				417746402BD75DCB00ABD83D /* MyPadding.swift in Sources */,
			);
			runOnlyForDeploymentPostprocessing = 0;
		};
/* End PBXSourcesBuildPhase section */

/* Begin XCBuildConfiguration section */
		410552472B919C8D00A4F2EA /* Debug */ = {
			isa = XCBuildConfiguration;
			buildSettings = {
				ALWAYS_SEARCH_USER_PATHS = NO;
				ASSETCATALOG_COMPILER_GENERATE_SWIFT_ASSET_SYMBOL_EXTENSIONS = YES;
				CLANG_ANALYZER_NONNULL = YES;
				CLANG_ANALYZER_NUMBER_OBJECT_CONVERSION = YES_AGGRESSIVE;
				CLANG_CXX_LANGUAGE_STANDARD = "gnu++20";
				CLANG_ENABLE_MODULES = YES;
				CLANG_ENABLE_OBJC_ARC = YES;
				CLANG_ENABLE_OBJC_WEAK = YES;
				CLANG_WARN_BLOCK_CAPTURE_AUTORELEASING = YES;
				CLANG_WARN_BOOL_CONVERSION = YES;
				CLANG_WARN_COMMA = YES;
				CLANG_WARN_CONSTANT_CONVERSION = YES;
				CLANG_WARN_DEPRECATED_OBJC_IMPLEMENTATIONS = YES;
				CLANG_WARN_DIRECT_OBJC_ISA_USAGE = YES_ERROR;
				CLANG_WARN_DOCUMENTATION_COMMENTS = YES;
				CLANG_WARN_EMPTY_BODY = YES;
				CLANG_WARN_ENUM_CONVERSION = YES;
				CLANG_WARN_INFINITE_RECURSION = YES;
				CLANG_WARN_INT_CONVERSION = YES;
				CLANG_WARN_NON_LITERAL_NULL_CONVERSION = YES;
				CLANG_WARN_OBJC_IMPLICIT_RETAIN_SELF = YES;
				CLANG_WARN_OBJC_LITERAL_CONVERSION = YES;
				CLANG_WARN_OBJC_ROOT_CLASS = YES_ERROR;
				CLANG_WARN_QUOTED_INCLUDE_IN_FRAMEWORK_HEADER = YES;
				CLANG_WARN_RANGE_LOOP_ANALYSIS = YES;
				CLANG_WARN_STRICT_PROTOTYPES = YES;
				CLANG_WARN_SUSPICIOUS_MOVE = YES;
				CLANG_WARN_UNGUARDED_AVAILABILITY = YES_AGGRESSIVE;
				CLANG_WARN_UNREACHABLE_CODE = YES;
				CLANG_WARN__DUPLICATE_METHOD_MATCH = YES;
				COPY_PHASE_STRIP = NO;
				DEBUG_INFORMATION_FORMAT = dwarf;
				ENABLE_STRICT_OBJC_MSGSEND = YES;
				ENABLE_TESTABILITY = YES;
				ENABLE_USER_SCRIPT_SANDBOXING = YES;
				GCC_C_LANGUAGE_STANDARD = gnu17;
				GCC_DYNAMIC_NO_PIC = NO;
				GCC_NO_COMMON_BLOCKS = YES;
				GCC_OPTIMIZATION_LEVEL = 0;
				GCC_PREPROCESSOR_DEFINITIONS = (
					"DEBUG=1",
					"$(inherited)",
				);
				GCC_WARN_64_TO_32_BIT_CONVERSION = YES;
				GCC_WARN_ABOUT_RETURN_TYPE = YES_ERROR;
				GCC_WARN_UNDECLARED_SELECTOR = YES;
				GCC_WARN_UNINITIALIZED_AUTOS = YES_AGGRESSIVE;
				GCC_WARN_UNUSED_FUNCTION = YES;
				GCC_WARN_UNUSED_VARIABLE = YES;
				LOCALIZATION_PREFERS_STRING_CATALOGS = YES;
				MTL_ENABLE_DEBUG_INFO = INCLUDE_SOURCE;
				MTL_FAST_MATH = YES;
				ONLY_ACTIVE_ARCH = YES;
				SWIFT_ACTIVE_COMPILATION_CONDITIONS = "DEBUG $(inherited)";
				SWIFT_OPTIMIZATION_LEVEL = "-Onone";
			};
			name = Debug;
		};
		410552482B919C8D00A4F2EA /* Release */ = {
			isa = XCBuildConfiguration;
			buildSettings = {
				ALWAYS_SEARCH_USER_PATHS = NO;
				ASSETCATALOG_COMPILER_GENERATE_SWIFT_ASSET_SYMBOL_EXTENSIONS = YES;
				CLANG_ANALYZER_NONNULL = YES;
				CLANG_ANALYZER_NUMBER_OBJECT_CONVERSION = YES_AGGRESSIVE;
				CLANG_CXX_LANGUAGE_STANDARD = "gnu++20";
				CLANG_ENABLE_MODULES = YES;
				CLANG_ENABLE_OBJC_ARC = YES;
				CLANG_ENABLE_OBJC_WEAK = YES;
				CLANG_WARN_BLOCK_CAPTURE_AUTORELEASING = YES;
				CLANG_WARN_BOOL_CONVERSION = YES;
				CLANG_WARN_COMMA = YES;
				CLANG_WARN_CONSTANT_CONVERSION = YES;
				CLANG_WARN_DEPRECATED_OBJC_IMPLEMENTATIONS = YES;
				CLANG_WARN_DIRECT_OBJC_ISA_USAGE = YES_ERROR;
				CLANG_WARN_DOCUMENTATION_COMMENTS = YES;
				CLANG_WARN_EMPTY_BODY = YES;
				CLANG_WARN_ENUM_CONVERSION = YES;
				CLANG_WARN_INFINITE_RECURSION = YES;
				CLANG_WARN_INT_CONVERSION = YES;
				CLANG_WARN_NON_LITERAL_NULL_CONVERSION = YES;
				CLANG_WARN_OBJC_IMPLICIT_RETAIN_SELF = YES;
				CLANG_WARN_OBJC_LITERAL_CONVERSION = YES;
				CLANG_WARN_OBJC_ROOT_CLASS = YES_ERROR;
				CLANG_WARN_QUOTED_INCLUDE_IN_FRAMEWORK_HEADER = YES;
				CLANG_WARN_RANGE_LOOP_ANALYSIS = YES;
				CLANG_WARN_STRICT_PROTOTYPES = YES;
				CLANG_WARN_SUSPICIOUS_MOVE = YES;
				CLANG_WARN_UNGUARDED_AVAILABILITY = YES_AGGRESSIVE;
				CLANG_WARN_UNREACHABLE_CODE = YES;
				CLANG_WARN__DUPLICATE_METHOD_MATCH = YES;
				COPY_PHASE_STRIP = NO;
				DEBUG_INFORMATION_FORMAT = "dwarf-with-dsym";
				ENABLE_NS_ASSERTIONS = NO;
				ENABLE_STRICT_OBJC_MSGSEND = YES;
				ENABLE_USER_SCRIPT_SANDBOXING = YES;
				GCC_C_LANGUAGE_STANDARD = gnu17;
				GCC_NO_COMMON_BLOCKS = YES;
				GCC_WARN_64_TO_32_BIT_CONVERSION = YES;
				GCC_WARN_ABOUT_RETURN_TYPE = YES_ERROR;
				GCC_WARN_UNDECLARED_SELECTOR = YES;
				GCC_WARN_UNINITIALIZED_AUTOS = YES_AGGRESSIVE;
				GCC_WARN_UNUSED_FUNCTION = YES;
				GCC_WARN_UNUSED_VARIABLE = YES;
				LOCALIZATION_PREFERS_STRING_CATALOGS = YES;
				MTL_ENABLE_DEBUG_INFO = NO;
				MTL_FAST_MATH = YES;
				SWIFT_COMPILATION_MODE = wholemodule;
			};
			name = Release;
		};
		4105524A2B919C8D00A4F2EA /* Debug */ = {
			isa = XCBuildConfiguration;
			buildSettings = {
				ASSETCATALOG_COMPILER_APPICON_NAME = AppIcon;
				ASSETCATALOG_COMPILER_GLOBAL_ACCENT_COLOR_NAME = AccentColor;
				CODE_SIGN_ENTITLEMENTS = FirstSwiftUI/FirstSwiftUI.entitlements;
				CODE_SIGN_STYLE = Automatic;
				CURRENT_PROJECT_VERSION = 1;
				DEVELOPMENT_ASSET_PATHS = "\"FirstSwiftUI/Preview Content\"";
				ENABLE_PREVIEWS = YES;
				GENERATE_INFOPLIST_FILE = YES;
				"INFOPLIST_KEY_UIApplicationSceneManifest_Generation[sdk=iphoneos*]" = YES;
				"INFOPLIST_KEY_UIApplicationSceneManifest_Generation[sdk=iphonesimulator*]" = YES;
				"INFOPLIST_KEY_UIApplicationSupportsIndirectInputEvents[sdk=iphoneos*]" = YES;
				"INFOPLIST_KEY_UIApplicationSupportsIndirectInputEvents[sdk=iphonesimulator*]" = YES;
				"INFOPLIST_KEY_UILaunchScreen_Generation[sdk=iphoneos*]" = YES;
				"INFOPLIST_KEY_UILaunchScreen_Generation[sdk=iphonesimulator*]" = YES;
				"INFOPLIST_KEY_UIStatusBarStyle[sdk=iphoneos*]" = UIStatusBarStyleDefault;
				"INFOPLIST_KEY_UIStatusBarStyle[sdk=iphonesimulator*]" = UIStatusBarStyleDefault;
				INFOPLIST_KEY_UISupportedInterfaceOrientations_iPad = "UIInterfaceOrientationPortrait UIInterfaceOrientationPortraitUpsideDown UIInterfaceOrientationLandscapeLeft UIInterfaceOrientationLandscapeRight";
				INFOPLIST_KEY_UISupportedInterfaceOrientations_iPhone = "UIInterfaceOrientationPortrait UIInterfaceOrientationLandscapeLeft UIInterfaceOrientationLandscapeRight";
				IPHONEOS_DEPLOYMENT_TARGET = 17.2;
				LD_RUNPATH_SEARCH_PATHS = "@executable_path/Frameworks";
				"LD_RUNPATH_SEARCH_PATHS[sdk=macosx*]" = "@executable_path/../Frameworks";
				MACOSX_DEPLOYMENT_TARGET = 14.2;
				MARKETING_VERSION = 1.0;
				PRODUCT_BUNDLE_IDENTIFIER = Urvi.FirstSwiftUI;
				PRODUCT_NAME = "$(TARGET_NAME)";
				SDKROOT = auto;
				SUPPORTED_PLATFORMS = "iphoneos iphonesimulator macosx";
				SWIFT_EMIT_LOC_STRINGS = YES;
				SWIFT_VERSION = 5.0;
				TARGETED_DEVICE_FAMILY = "1,2";
			};
			name = Debug;
		};
		4105524B2B919C8D00A4F2EA /* Release */ = {
			isa = XCBuildConfiguration;
			buildSettings = {
				ASSETCATALOG_COMPILER_APPICON_NAME = AppIcon;
				ASSETCATALOG_COMPILER_GLOBAL_ACCENT_COLOR_NAME = AccentColor;
				CODE_SIGN_ENTITLEMENTS = FirstSwiftUI/FirstSwiftUI.entitlements;
				CODE_SIGN_STYLE = Automatic;
				CURRENT_PROJECT_VERSION = 1;
				DEVELOPMENT_ASSET_PATHS = "\"FirstSwiftUI/Preview Content\"";
				ENABLE_PREVIEWS = YES;
				GENERATE_INFOPLIST_FILE = YES;
				"INFOPLIST_KEY_UIApplicationSceneManifest_Generation[sdk=iphoneos*]" = YES;
				"INFOPLIST_KEY_UIApplicationSceneManifest_Generation[sdk=iphonesimulator*]" = YES;
				"INFOPLIST_KEY_UIApplicationSupportsIndirectInputEvents[sdk=iphoneos*]" = YES;
				"INFOPLIST_KEY_UIApplicationSupportsIndirectInputEvents[sdk=iphonesimulator*]" = YES;
				"INFOPLIST_KEY_UILaunchScreen_Generation[sdk=iphoneos*]" = YES;
				"INFOPLIST_KEY_UILaunchScreen_Generation[sdk=iphonesimulator*]" = YES;
				"INFOPLIST_KEY_UIStatusBarStyle[sdk=iphoneos*]" = UIStatusBarStyleDefault;
				"INFOPLIST_KEY_UIStatusBarStyle[sdk=iphonesimulator*]" = UIStatusBarStyleDefault;
				INFOPLIST_KEY_UISupportedInterfaceOrientations_iPad = "UIInterfaceOrientationPortrait UIInterfaceOrientationPortraitUpsideDown UIInterfaceOrientationLandscapeLeft UIInterfaceOrientationLandscapeRight";
				INFOPLIST_KEY_UISupportedInterfaceOrientations_iPhone = "UIInterfaceOrientationPortrait UIInterfaceOrientationLandscapeLeft UIInterfaceOrientationLandscapeRight";
				IPHONEOS_DEPLOYMENT_TARGET = 17.2;
				LD_RUNPATH_SEARCH_PATHS = "@executable_path/Frameworks";
				"LD_RUNPATH_SEARCH_PATHS[sdk=macosx*]" = "@executable_path/../Frameworks";
				MACOSX_DEPLOYMENT_TARGET = 14.2;
				MARKETING_VERSION = 1.0;
				PRODUCT_BUNDLE_IDENTIFIER = Urvi.FirstSwiftUI;
				PRODUCT_NAME = "$(TARGET_NAME)";
				SDKROOT = auto;
				SUPPORTED_PLATFORMS = "iphoneos iphonesimulator macosx";
				SWIFT_EMIT_LOC_STRINGS = YES;
				SWIFT_VERSION = 5.0;
				TARGETED_DEVICE_FAMILY = "1,2";
			};
			name = Release;
		};
/* End XCBuildConfiguration section */

/* Begin XCConfigurationList section */
		410552352B919C8C00A4F2EA /* Build configuration list for PBXProject "FirstSwiftUI" */ = {
			isa = XCConfigurationList;
			buildConfigurations = (
				410552472B919C8D00A4F2EA /* Debug */,
				410552482B919C8D00A4F2EA /* Release */,
			);
			defaultConfigurationIsVisible = 0;
			defaultConfigurationName = Release;
		};
		410552492B919C8D00A4F2EA /* Build configuration list for PBXNativeTarget "FirstSwiftUI" */ = {
			isa = XCConfigurationList;
			buildConfigurations = (
				4105524A2B919C8D00A4F2EA /* Debug */,
				4105524B2B919C8D00A4F2EA /* Release */,
			);
			defaultConfigurationIsVisible = 0;
			defaultConfigurationName = Release;
		};
/* End XCConfigurationList section */
	};
	rootObject = 410552322B919C8C00A4F2EA /* Project object */;
}
